PODS:
  - Masonry (1.1.0)
  - UIKitComponent (0.0.4):
    - Masonry

DEPENDENCIES:
  - Masonry
  - UIKitComponent (from `../`)

SPEC REPOS:
  https://github.com/cocoapods/specs.git:
    - Masonry

EXTERNAL SOURCES:
  UIKitComponent:
    :path: "../"

SPEC CHECKSUMS:
  Masonry: 678fab65091a9290e40e2832a55e7ab731aad201
  UIKitComponent: 87777bc356b5f3a3f687e9dfa0dcad18cdebcac3

PODFILE CHECKSUM: cc407a0503eb3a1fb9158a553a5ed31ba8885174

COCOAPODS: 1.7.2
